// !$*UTF8*$!
{
	archiveVersion = 1;
	classes = {
	};
	objectVersion = 46;
	objects = {

/* Begin PBXBuildFile section */
		E6F29F871BC664BB0020AAD7 /* AppDelegate.swift in Sources */ = {isa = PBXBuildFile; fileRef = E6F29F861BC664BB0020AAD7 /* AppDelegate.swift */; };
		E6F29F891BC664BB0020AAD7 /* ViewController.swift in Sources */ = {isa = PBXBuildFile; fileRef = E6F29F881BC664BB0020AAD7 /* ViewController.swift */; };
		E6F29F8C1BC664BB0020AAD7 /* Main.storyboard in Resources */ = {isa = PBXBuildFile; fileRef = E6F29F8A1BC664BB0020AAD7 /* Main.storyboard */; };
		E6F29F8E1BC664BB0020AAD7 /* Assets.xcassets in Resources */ = {isa = PBXBuildFile; fileRef = E6F29F8D1BC664BB0020AAD7 /* Assets.xcassets */; };
		E6F29F9C1BC664BB0020AAD7 /* MyWbTests.swift in Sources */ = {isa = PBXBuildFile; fileRef = E6F29F9B1BC664BB0020AAD7 /* MyWbTests.swift */; };
		E6F29FA71BC664BB0020AAD7 /* MyWbUITests.swift in Sources */ = {isa = PBXBuildFile; fileRef = E6F29FA61BC664BB0020AAD7 /* MyWbUITests.swift */; };
		E6F29FBF1BC67B150020AAD7 /* MainViewController.swift in Sources */ = {isa = PBXBuildFile; fileRef = E6F29FBE1BC67B150020AAD7 /* MainViewController.swift */; settings = {ASSET_TAGS = (); }; };
		E6F29FC11BC67B340020AAD7 /* HomeTableViewController.swift in Sources */ = {isa = PBXBuildFile; fileRef = E6F29FC01BC67B340020AAD7 /* HomeTableViewController.swift */; settings = {ASSET_TAGS = (); }; };
		E6F29FC31BC67B4F0020AAD7 /* MessageTableViewController.swift in Sources */ = {isa = PBXBuildFile; fileRef = E6F29FC21BC67B4F0020AAD7 /* MessageTableViewController.swift */; settings = {ASSET_TAGS = (); }; };
		E6F29FC51BC67B5F0020AAD7 /* FinderTableViewController.swift in Sources */ = {isa = PBXBuildFile; fileRef = E6F29FC41BC67B5F0020AAD7 /* FinderTableViewController.swift */; settings = {ASSET_TAGS = (); }; };
		E6F29FC71BC67B690020AAD7 /* MineTableViewController.swift in Sources */ = {isa = PBXBuildFile; fileRef = E6F29FC61BC67B690020AAD7 /* MineTableViewController.swift */; settings = {ASSET_TAGS = (); }; };
/* End PBXBuildFile section */

/* Begin PBXContainerItemProxy section */
		E6F29F981BC664BB0020AAD7 /* PBXContainerItemProxy */ = {
			isa = PBXContainerItemProxy;
			containerPortal = E6F29F7B1BC664BB0020AAD7 /* Project object */;
			proxyType = 1;
			remoteGlobalIDString = E6F29F821BC664BB0020AAD7;
			remoteInfo = MyWb;
		};
		E6F29FA31BC664BB0020AAD7 /* PBXContainerItemProxy */ = {
			isa = PBXContainerItemProxy;
			containerPortal = E6F29F7B1BC664BB0020AAD7 /* Project object */;
			proxyType = 1;
			remoteGlobalIDString = E6F29F821BC664BB0020AAD7;
			remoteInfo = MyWb;
		};
/* End PBXContainerItemProxy section */

/* Begin PBXFileReference section */
		E6F29F831BC664BB0020AAD7 /* MyWb.app */ = {isa = PBXFileReference; explicitFileType = wrapper.application; includeInIndex = 0; path = MyWb.app; sourceTree = BUILT_PRODUCTS_DIR; };
		E6F29F861BC664BB0020AAD7 /* AppDelegate.swift */ = {isa = PBXFileReference; lastKnownFileType = sourcecode.swift; path = AppDelegate.swift; sourceTree = "<group>"; };
		E6F29F881BC664BB0020AAD7 /* ViewController.swift */ = {isa = PBXFileReference; lastKnownFileType = sourcecode.swift; path = ViewController.swift; sourceTree = "<group>"; };
		E6F29F8B1BC664BB0020AAD7 /* Base */ = {isa = PBXFileReference; lastKnownFileType = file.storyboard; name = Base; path = Base.lproj/Main.storyboard; sourceTree = "<group>"; };
		E6F29F8D1BC664BB0020AAD7 /* Assets.xcassets */ = {isa = PBXFileReference; lastKnownFileType = folder.assetcatalog; path = Assets.xcassets; sourceTree = "<group>"; };
		E6F29F921BC664BB0020AAD7 /* Info.plist */ = {isa = PBXFileReference; lastKnownFileType = text.plist.xml; path = Info.plist; sourceTree = "<group>"; };
		E6F29F971BC664BB0020AAD7 /* MyWbTests.xctest */ = {isa = PBXFileReference; explicitFileType = wrapper.cfbundle; includeInIndex = 0; path = MyWbTests.xctest; sourceTree = BUILT_PRODUCTS_DIR; };
		E6F29F9B1BC664BB0020AAD7 /* MyWbTests.swift */ = {isa = PBXFileReference; lastKnownFileType = sourcecode.swift; path = MyWbTests.swift; sourceTree = "<group>"; };
		E6F29F9D1BC664BB0020AAD7 /* Info.plist */ = {isa = PBXFileReference; lastKnownFileType = text.plist.xml; path = Info.plist; sourceTree = "<group>"; };
		E6F29FA21BC664BB0020AAD7 /* MyWbUITests.xctest */ = {isa = PBXFileReference; explicitFileType = wrapper.cfbundle; includeInIndex = 0; path = MyWbUITests.xctest; sourceTree = BUILT_PRODUCTS_DIR; };
		E6F29FA61BC664BB0020AAD7 /* MyWbUITests.swift */ = {isa = PBXFileReference; lastKnownFileType = sourcecode.swift; path = MyWbUITests.swift; sourceTree = "<group>"; };
		E6F29FA81BC664BB0020AAD7 /* Info.plist */ = {isa = PBXFileReference; lastKnownFileType = text.plist.xml; path = Info.plist; sourceTree = "<group>"; };
		E6F29FBE1BC67B150020AAD7 /* MainViewController.swift */ = {isa = PBXFileReference; fileEncoding = 4; lastKnownFileType = sourcecode.swift; path = MainViewController.swift; sourceTree = "<group>"; };
		E6F29FC01BC67B340020AAD7 /* HomeTableViewController.swift */ = {isa = PBXFileReference; fileEncoding = 4; lastKnownFileType = sourcecode.swift; path = HomeTableViewController.swift; sourceTree = "<group>"; };
		E6F29FC21BC67B4F0020AAD7 /* MessageTableViewController.swift */ = {isa = PBXFileReference; fileEncoding = 4; lastKnownFileType = sourcecode.swift; path = MessageTableViewController.swift; sourceTree = "<group>"; };
		E6F29FC41BC67B5F0020AAD7 /* FinderTableViewController.swift */ = {isa = PBXFileReference; fileEncoding = 4; lastKnownFileType = sourcecode.swift; path = FinderTableViewController.swift; sourceTree = "<group>"; };
		E6F29FC61BC67B690020AAD7 /* MineTableViewController.swift */ = {isa = PBXFileReference; fileEncoding = 4; lastKnownFileType = sourcecode.swift; path = MineTableViewController.swift; sourceTree = "<group>"; };
/* End PBXFileReference section */

/* Begin PBXFrameworksBuildPhase section */
		E6F29F801BC664BB0020AAD7 /* Frameworks */ = {
			isa = PBXFrameworksBuildPhase;
			buildActionMask = 2147483647;
			files = (
			);
			runOnlyForDeploymentPostprocessing = 0;
		};
		E6F29F941BC664BB0020AAD7 /* Frameworks */ = {
			isa = PBXFrameworksBuildPhase;
			buildActionMask = 2147483647;
			files = (
			);
			runOnlyForDeploymentPostprocessing = 0;
		};
		E6F29F9F1BC664BB0020AAD7 /* Frameworks */ = {
			isa = PBXFrameworksBuildPhase;
			buildActionMask = 2147483647;
			files = (
			);
			runOnlyForDeploymentPostprocessing = 0;
		};
/* End PBXFrameworksBuildPhase section */

/* Begin PBXGroup section */
		E6F29F7A1BC664BB0020AAD7 = {
			isa = PBXGroup;
			children = (
				E6F29F851BC664BB0020AAD7 /* MyWb */,
				E6F29F9A1BC664BB0020AAD7 /* MyWbTests */,
				E6F29FA51BC664BB0020AAD7 /* MyWbUITests */,
				E6F29F841BC664BB0020AAD7 /* Products */,
			);
			sourceTree = "<group>";
		};
		E6F29F841BC664BB0020AAD7 /* Products */ = {
			isa = PBXGroup;
			children = (
				E6F29F831BC664BB0020AAD7 /* MyWb.app */,
				E6F29F971BC664BB0020AAD7 /* MyWbTests.xctest */,
				E6F29FA21BC664BB0020AAD7 /* MyWbUITests.xctest */,
			);
			name = Products;
			sourceTree = "<group>";
		};
		E6F29F851BC664BB0020AAD7 /* MyWb */ = {
			isa = PBXGroup;
			children = (
				E6F29FB61BC66B8D0020AAD7 /* Class */,
				E6F29F861BC664BB0020AAD7 /* AppDelegate.swift */,
				E6F29F881BC664BB0020AAD7 /* ViewController.swift */,
				E6F29F8A1BC664BB0020AAD7 /* Main.storyboard */,
				E6F29F8D1BC664BB0020AAD7 /* Assets.xcassets */,
				E6F29F921BC664BB0020AAD7 /* Info.plist */,
			);
			path = MyWb;
			sourceTree = "<group>";
		};
		E6F29F9A1BC664BB0020AAD7 /* MyWbTests */ = {
			isa = PBXGroup;
			children = (
				E6F29F9B1BC664BB0020AAD7 /* MyWbTests.swift */,
				E6F29F9D1BC664BB0020AAD7 /* Info.plist */,
			);
			path = MyWbTests;
			sourceTree = "<group>";
		};
		E6F29FA51BC664BB0020AAD7 /* MyWbUITests */ = {
			isa = PBXGroup;
			children = (
				E6F29FA61BC664BB0020AAD7 /* MyWbUITests.swift */,
				E6F29FA81BC664BB0020AAD7 /* Info.plist */,
			);
			path = MyWbUITests;
			sourceTree = "<group>";
		};
		E6F29FB61BC66B8D0020AAD7 /* Class */ = {
			isa = PBXGroup;
			children = (
				E6F29FB81BC67ABC0020AAD7 /* Controllers */,
			);
			path = Class;
			sourceTree = "<group>";
		};
		E6F29FB81BC67ABC0020AAD7 /* Controllers */ = {
			isa = PBXGroup;
			children = (
				E6F29FBB1BC67ABC0020AAD7 /* Main */,
				E6F29FBA1BC67ABC0020AAD7 /* Home */,
				E6F29FBC1BC67ABC0020AAD7 /* Message */,
				E6F29FB91BC67ABC0020AAD7 /* Finder */,
				E6F29FBD1BC67ABC0020AAD7 /* Mine */,
			);
			path = Controllers;
			sourceTree = "<group>";
		};
		E6F29FB91BC67ABC0020AAD7 /* Finder */ = {
			isa = PBXGroup;
			children = (
				E6F29FC41BC67B5F0020AAD7 /* FinderTableViewController.swift */,
			);
			path = Finder;
			sourceTree = "<group>";
		};
		E6F29FBA1BC67ABC0020AAD7 /* Home */ = {
			isa = PBXGroup;
			children = (
				E6F29FC01BC67B340020AAD7 /* HomeTableViewController.swift */,
			);
			path = Home;
			sourceTree = "<group>";
		};
		E6F29FBB1BC67ABC0020AAD7 /* Main */ = {
			isa = PBXGroup;
			children = (
				E6F29FBE1BC67B150020AAD7 /* MainViewController.swift */,
			);
			path = Main;
			sourceTree = "<group>";
		};
		E6F29FBC1BC67ABC0020AAD7 /* Message */ = {
			isa = PBXGroup;
			children = (
				E6F29FC21BC67B4F0020AAD7 /* MessageTableViewController.swift */,
			);
			path = Message;
			sourceTree = "<group>";
		};
		E6F29FBD1BC67ABC0020AAD7 /* Mine */ = {
			isa = PBXGroup;
			children = (
				E6F29FC61BC67B690020AAD7 /* MineTableViewController.swift */,
			);
			path = Mine;
			sourceTree = "<group>";
		};
/* End PBXGroup section */

/* Begin PBXNativeTarget section */
		E6F29F821BC664BB0020AAD7 /* MyWb */ = {
			isa = PBXNativeTarget;
			buildConfigurationList = E6F29FAB1BC664BB0020AAD7 /* Build configuration list for PBXNativeTarget "MyWb" */;
			buildPhases = (
				E6F29F7F1BC664BB0020AAD7 /* Sources */,
				E6F29F801BC664BB0020AAD7 /* Frameworks */,
				E6F29F811BC664BB0020AAD7 /* Resources */,
			);
			buildRules = (
			);
			dependencies = (
			);
			name = MyWb;
			productName = MyWb;
			productReference = E6F29F831BC664BB0020AAD7 /* MyWb.app */;
			productType = "com.apple.product-type.application";
		};
		E6F29F961BC664BB0020AAD7 /* MyWbTests */ = {
			isa = PBXNativeTarget;
			buildConfigurationList = E6F29FAE1BC664BB0020AAD7 /* Build configuration list for PBXNativeTarget "MyWbTests" */;
			buildPhases = (
				E6F29F931BC664BB0020AAD7 /* Sources */,
				E6F29F941BC664BB0020AAD7 /* Frameworks */,
				E6F29F951BC664BB0020AAD7 /* Resources */,
			);
			buildRules = (
			);
			dependencies = (
				E6F29F991BC664BB0020AAD7 /* PBXTargetDependency */,
			);
			name = MyWbTests;
			productName = MyWbTests;
			productReference = E6F29F971BC664BB0020AAD7 /* MyWbTests.xctest */;
			productType = "com.apple.product-type.bundle.unit-test";
		};
		E6F29FA11BC664BB0020AAD7 /* MyWbUITests */ = {
			isa = PBXNativeTarget;
			buildConfigurationList = E6F29FB11BC664BB0020AAD7 /* Build configuration list for PBXNativeTarget "MyWbUITests" */;
			buildPhases = (
				E6F29F9E1BC664BB0020AAD7 /* Sources */,
				E6F29F9F1BC664BB0020AAD7 /* Frameworks */,
				E6F29FA01BC664BB0020AAD7 /* Resources */,
			);
			buildRules = (
			);
			dependencies = (
				E6F29FA41BC664BB0020AAD7 /* PBXTargetDependency */,
			);
			name = MyWbUITests;
			productName = MyWbUITests;
			productReference = E6F29FA21BC664BB0020AAD7 /* MyWbUITests.xctest */;
			productType = "com.apple.product-type.bundle.ui-testing";
		};
/* End PBXNativeTarget section */

/* Begin PBXProject section */
		E6F29F7B1BC664BB0020AAD7 /* Project object */ = {
			isa = PBXProject;
			attributes = {
				LastUpgradeCheck = 0700;
				ORGANIZATIONNAME = "晨曦的Mac";
				TargetAttributes = {
					E6F29F821BC664BB0020AAD7 = {
						CreatedOnToolsVersion = 7.0;
					};
					E6F29F961BC664BB0020AAD7 = {
						CreatedOnToolsVersion = 7.0;
						TestTargetID = E6F29F821BC664BB0020AAD7;
					};
					E6F29FA11BC664BB0020AAD7 = {
						CreatedOnToolsVersion = 7.0;
						TestTargetID = E6F29F821BC664BB0020AAD7;
					};
				};
			};
			buildConfigurationList = E6F29F7E1BC664BB0020AAD7 /* Build configuration list for PBXProject "MyWb" */;
			compatibilityVersion = "Xcode 3.2";
			developmentRegion = English;
			hasScannedForEncodings = 0;
			knownRegions = (
				en,
				Base,
			);
			mainGroup = E6F29F7A1BC664BB0020AAD7;
			productRefGroup = E6F29F841BC664BB0020AAD7 /* Products */;
			projectDirPath = "";
			projectRoot = "";
			targets = (
				E6F29F821BC664BB0020AAD7 /* MyWb */,
				E6F29F961BC664BB0020AAD7 /* MyWbTests */,
				E6F29FA11BC664BB0020AAD7 /* MyWbUITests */,
			);
		};
/* End PBXProject section */

/* Begin PBXResourcesBuildPhase section */
		E6F29F811BC664BB0020AAD7 /* Resources */ = {
			isa = PBXResourcesBuildPhase;
			buildActionMask = 2147483647;
			files = (
				E6F29F8E1BC664BB0020AAD7 /* Assets.xcassets in Resources */,
				E6F29F8C1BC664BB0020AAD7 /* Main.storyboard in Resources */,
			);
			runOnlyForDeploymentPostprocessing = 0;
		};
		E6F29F951BC664BB0020AAD7 /* Resources */ = {
			isa = PBXResourcesBuildPhase;
			buildActionMask = 2147483647;
			files = (
			);
			runOnlyForDeploymentPostprocessing = 0;
		};
		E6F29FA01BC664BB0020AAD7 /* Resources */ = {
			isa = PBXResourcesBuildPhase;
			buildActionMask = 2147483647;
			files = (
			);
			runOnlyForDeploymentPostprocessing = 0;
		};
/* End PBXResourcesBuildPhase section */

/* Begin PBXSourcesBuildPhase section */
		E6F29F7F1BC664BB0020AAD7 /* Sources */ = {
			isa = PBXSourcesBuildPhase;
			buildActionMask = 2147483647;
			files = (
				E6F29FC11BC67B340020AAD7 /* HomeTableViewController.swift in Sources */,
				E6F29FBF1BC67B150020AAD7 /* MainViewController.swift in Sources */,
				E6F29FC31BC67B4F0020AAD7 /* MessageTableViewController.swift in Sources */,
				E6F29FC71BC67B690020AAD7 /* MineTableViewController.swift in Sources */,
				E6F29FC51BC67B5F0020AAD7 /* FinderTableViewController.swift in Sources */,
				E6F29F891BC664BB0020AAD7 /* ViewController.swift in Sources */,
				E6F29F871BC664BB0020AAD7 /* AppDelegate.swift in Sources */,
			);
			runOnlyForDeploymentPostprocessing = 0;
		};
		E6F29F931BC664BB0020AAD7 /* Sources */ = {
			isa = PBXSourcesBuildPhase;
			buildActionMask = 2147483647;
			files = (
				E6F29F9C1BC664BB0020AAD7 /* MyWbTests.swift in Sources */,
			);
			runOnlyForDeploymentPostprocessing = 0;
		};
		E6F29F9E1BC664BB0020AAD7 /* Sources */ = {
			isa = PBXSourcesBuildPhase;
			buildActionMask = 2147483647;
			files = (
				E6F29FA71BC664BB0020AAD7 /* MyWbUITests.swift in Sources */,
			);
			runOnlyForDeploymentPostprocessing = 0;
		};
/* End PBXSourcesBuildPhase section */

/* Begin PBXTargetDependency section */
		E6F29F991BC664BB0020AAD7 /* PBXTargetDependency */ = {
			isa = PBXTargetDependency;
			target = E6F29F821BC664BB0020AAD7 /* MyWb */;
			targetProxy = E6F29F981BC664BB0020AAD7 /* PBXContainerItemProxy */;
		};
		E6F29FA41BC664BB0020AAD7 /* PBXTargetDependency */ = {
			isa = PBXTargetDependency;
			target = E6F29F821BC664BB0020AAD7 /* MyWb */;
			targetProxy = E6F29FA31BC664BB0020AAD7 /* PBXContainerItemProxy */;
		};
/* End PBXTargetDependency section */

/* Begin PBXVariantGroup section */
		E6F29F8A1BC664BB0020AAD7 /* Main.storyboard */ = {
			isa = PBXVariantGroup;
			children = (
				E6F29F8B1BC664BB0020AAD7 /* Base */,
			);
			name = Main.storyboard;
			sourceTree = "<group>";
		};
/* End PBXVariantGroup section */

/* Begin XCBuildConfiguration section */
		E6F29FA91BC664BB0020AAD7 /* Debug */ = {
			isa = XCBuildConfiguration;
			buildSettings = {
				ALWAYS_SEARCH_USER_PATHS = NO;
				CLANG_CXX_LANGUAGE_STANDARD = "gnu++0x";
				CLANG_CXX_LIBRARY = "libc++";
				CLANG_ENABLE_MODULES = YES;
				CLANG_ENABLE_OBJC_ARC = YES;
				CLANG_WARN_BOOL_CONVERSION = YES;
				CLANG_WARN_CONSTANT_CONVERSION = YES;
				CLANG_WARN_DIRECT_OBJC_ISA_USAGE = YES_ERROR;
				CLANG_WARN_EMPTY_BODY = YES;
				CLANG_WARN_ENUM_CONVERSION = YES;
				CLANG_WARN_INT_CONVERSION = YES;
				CLANG_WARN_OBJC_ROOT_CLASS = YES_ERROR;
				CLANG_WARN_UNREACHABLE_CODE = YES;
				CLANG_WARN__DUPLICATE_METHOD_MATCH = YES;
				"CODE_SIGN_IDENTITY[sdk=iphoneos*]" = "iPhone Developer";
				COPY_PHASE_STRIP = NO;
				DEBUG_INFORMATION_FORMAT = dwarf;
				ENABLE_STRICT_OBJC_MSGSEND = YES;
				ENABLE_TESTABILITY = YES;
				GCC_C_LANGUAGE_STANDARD = gnu99;
				GCC_DYNAMIC_NO_PIC = NO;
				GCC_NO_COMMON_BLOCKS = YES;
				GCC_OPTIMIZATION_LEVEL = 0;
				GCC_PREPROCESSOR_DEFINITIONS = (
					"DEBUG=1",
					"$(inherited)",
				);
				GCC_WARN_64_TO_32_BIT_CONVERSION = YES;
				GCC_WARN_ABOUT_RETURN_TYPE = YES_ERROR;
				GCC_WARN_UNDECLARED_SELECTOR = YES;
				GCC_WARN_UNINITIALIZED_AUTOS = YES_AGGRESSIVE;
				GCC_WARN_UNUSED_FUNCTION = YES;
				GCC_WARN_UNUSED_VARIABLE = YES;
				IPHONEOS_DEPLOYMENT_TARGET = 9.0;
				MTL_ENABLE_DEBUG_INFO = YES;
				ONLY_ACTIVE_ARCH = YES;
				SDKROOT = iphoneos;
				SWIFT_OPTIMIZATION_LEVEL = "-Onone";
			};
			name = Debug;
		};
		E6F29FAA1BC664BB0020AAD7 /* Release */ = {
			isa = XCBuildConfiguration;
			buildSettings = {
				ALWAYS_SEARCH_USER_PATHS = NO;
				CLANG_CXX_LANGUAGE_STANDARD = "gnu++0x";
				CLANG_CXX_LIBRARY = "libc++";
				CLANG_ENABLE_MODULES = YES;
				CLANG_ENABLE_OBJC_ARC = YES;
				CLANG_WARN_BOOL_CONVERSION = YES;
				CLANG_WARN_CONSTANT_CONVERSION = YES;
				CLANG_WARN_DIRECT_OBJC_ISA_USAGE = YES_ERROR;
				CLANG_WARN_EMPTY_BODY = YES;
				CLANG_WARN_ENUM_CONVERSION = YES;
				CLANG_WARN_INT_CONVERSION = YES;
				CLANG_WARN_OBJC_ROOT_CLASS = YES_ERROR;
				CLANG_WARN_UNREACHABLE_CODE = YES;
				CLANG_WARN__DUPLICATE_METHOD_MATCH = YES;
				"CODE_SIGN_IDENTITY[sdk=iphoneos*]" = "iPhone Developer";
				COPY_PHASE_STRIP = NO;
				DEBUG_INFORMATION_FORMAT = "dwarf-with-dsym";
				ENABLE_NS_ASSERTIONS = NO;
				ENABLE_STRICT_OBJC_MSGSEND = YES;
				GCC_C_LANGUAGE_STANDARD = gnu99;
				GCC_NO_COMMON_BLOCKS = YES;
				GCC_WARN_64_TO_32_BIT_CONVERSION = YES;
				GCC_WARN_ABOUT_RETURN_TYPE = YES_ERROR;
				GCC_WARN_UNDECLARED_SELECTOR = YES;
				GCC_WARN_UNINITIALIZED_AUTOS = YES_AGGRESSIVE;
				GCC_WARN_UNUSED_FUNCTION = YES;
				GCC_WARN_UNUSED_VARIABLE = YES;
				IPHONEOS_DEPLOYMENT_TARGET = 9.0;
				MTL_ENABLE_DEBUG_INFO = NO;
				SDKROOT = iphoneos;
				VALIDATE_PRODUCT = YES;
			};
			name = Release;
		};
		E6F29FAC1BC664BB0020AAD7 /* Debug */ = {
			isa = XCBuildConfiguration;
			buildSettings = {
				ASSETCATALOG_COMPILER_APPICON_NAME = AppIcon;
				ASSETCATALOG_COMPILER_LAUNCHIMAGE_NAME = BrandAsset;
				INFOPLIST_FILE = MyWb/Info.plist;
				LD_RUNPATH_SEARCH_PATHS = "$(inherited) @executable_path/Frameworks";
				PRODUCT_BUNDLE_IDENTIFIER = cn.itcast.MyWb;
				PRODUCT_NAME = "$(TARGET_NAME)";
			};
			name = Debug;
		};
		E6F29FAD1BC664BB0020AAD7 /* Release */ = {
			isa = XCBuildConfiguration;
			buildSettings = {
				ASSETCATALOG_COMPILER_APPICON_NAME = AppIcon;
				ASSETCATALOG_COMPILER_LAUNCHIMAGE_NAME = BrandAsset;
				INFOPLIST_FILE = MyWb/Info.plist;
				LD_RUNPATH_SEARCH_PATHS = "$(inherited) @executable_path/Frameworks";
				PRODUCT_BUNDLE_IDENTIFIER = cn.itcast.MyWb;
				PRODUCT_NAME = "$(TARGET_NAME)";
			};
			name = Release;
		};
		E6F29FAF1BC664BB0020AAD7 /* Debug */ = {
			isa = XCBuildConfiguration;
			buildSettings = {
				BUNDLE_LOADER = "$(TEST_HOST)";
				INFOPLIST_FILE = MyWbTests/Info.plist;
				LD_RUNPATH_SEARCH_PATHS = "$(inherited) @executable_path/Frameworks @loader_path/Frameworks";
				PRODUCT_BUNDLE_IDENTIFIER = cn.itcast.MyWbTests;
				PRODUCT_NAME = "$(TARGET_NAME)";
				TEST_HOST = "$(BUILT_PRODUCTS_DIR)/MyWb.app/MyWb";
			};
			name = Debug;
		};
		E6F29FB01BC664BB0020AAD7 /* Release */ = {
			isa = XCBuildConfiguration;
			buildSettings = {
				BUNDLE_LOADER = "$(TEST_HOST)";
				INFOPLIST_FILE = MyWbTests/Info.plist;
				LD_RUNPATH_SEARCH_PATHS = "$(inherited) @executable_path/Frameworks @loader_path/Frameworks";
				PRODUCT_BUNDLE_IDENTIFIER = cn.itcast.MyWbTests;
				PRODUCT_NAME = "$(TARGET_NAME)";
				TEST_HOST = "$(BUILT_PRODUCTS_DIR)/MyWb.app/MyWb";
			};
			name = Release;
		};
		E6F29FB21BC664BB0020AAD7 /* Debug */ = {
			isa = XCBuildConfiguration;
			buildSettings = {
				INFOPLIST_FILE = MyWbUITests/Info.plist;
				LD_RUNPATH_SEARCH_PATHS = "$(inherited) @executable_path/Frameworks @loader_path/Frameworks";
				PRODUCT_BUNDLE_IDENTIFIER = cn.itcast.MyWbUITests;
				PRODUCT_NAME = "$(TARGET_NAME)";
				TEST_TARGET_NAME = MyWb;
				USES_XCTRUNNER = YES;
			};
			name = Debug;
		};
		E6F29FB31BC664BB0020AAD7 /* Release */ = {
			isa = XCBuildConfiguration;
			buildSettings = {
				INFOPLIST_FILE = MyWbUITests/Info.plist;
				LD_RUNPATH_SEARCH_PATHS = "$(inherited) @executable_path/Frameworks @loader_path/Frameworks";
				PRODUCT_BUNDLE_IDENTIFIER = cn.itcast.MyWbUITests;
				PRODUCT_NAME = "$(TARGET_NAME)";
				TEST_TARGET_NAME = MyWb;
				USES_XCTRUNNER = YES;
			};
			name = Release;
		};
/* End XCBuildConfiguration section */

/* Begin XCConfigurationList section */
		E6F29F7E1BC664BB0020AAD7 /* Build configuration list for PBXProject "MyWb" */ = {
			isa = XCConfigurationList;
			buildConfigurations = (
				E6F29FA91BC664BB0020AAD7 /* Debug */,
				E6F29FAA1BC664BB0020AAD7 /* Release */,
			);
			defaultConfigurationIsVisible = 0;
			defaultConfigurationName = Release;
		};
		E6F29FAB1BC664BB0020AAD7 /* Build configuration list for PBXNativeTarget "MyWb" */ = {
			isa = XCConfigurationList;
			buildConfigurations = (
				E6F29FAC1BC664BB0020AAD7 /* Debug */,
				E6F29FAD1BC664BB0020AAD7 /* Release */,
			);
			defaultConfigurationIsVisible = 0;
			defaultConfigurationName = Release;
		};
		E6F29FAE1BC664BB0020AAD7 /* Build configuration list for PBXNativeTarget "MyWbTests" */ = {
			isa = XCConfigurationList;
			buildConfigurations = (
				E6F29FAF1BC664BB0020AAD7 /* Debug */,
				E6F29FB01BC664BB0020AAD7 /* Release */,
			);
			defaultConfigurationIsVisible = 0;
			defaultConfigurationName = Release;
		};
		E6F29FB11BC664BB0020AAD7 /* Build configuration list for PBXNativeTarget "MyWbUITests" */ = {
			isa = XCConfigurationList;
			buildConfigurations = (
				E6F29FB21BC664BB0020AAD7 /* Debug */,
				E6F29FB31BC664BB0020AAD7 /* Release */,
			);
			defaultConfigurationIsVisible = 0;
			defaultConfigurationName = Release;
		};
/* End XCConfigurationList section */
	};
	rootObject = E6F29F7B1BC664BB0020AAD7 /* Project object */;
}
